// !$*UTF8*$!
{
	archiveVersion = 1;
	classes = {
	};
	objectVersion = 46;
	objects = {

/* Begin PBXBuildFile section */
		A660645E1779AF8700510CAD /* main.cpp in Sources */ = {isa = PBXBuildFile; fileRef = A660645D1779AF8700510CAD /* main.cpp */; };
		A66064601779AF8700510CAD /* FPSGame.1 in CopyFiles */ = {isa = PBXBuildFile; fileRef = A660645F1779AF8700510CAD /* FPSGame.1 */; };
		A66064671779AFA700510CAD /* libglfw.dylib in Frameworks */ = {isa = PBXBuildFile; fileRef = A66064661779AFA700510CAD /* libglfw.dylib */; };
		A66064691779AFAE00510CAD /* OpenGL.framework in Frameworks */ = {isa = PBXBuildFile; fileRef = A66064681779AFAE00510CAD /* OpenGL.framework */; };
		A69065C81787539900643403 /* GameObjectController.cpp in Sources */ = {isa = PBXBuildFile; fileRef = A69065C61787539900643403 /* GameObjectController.cpp */; };
		A69C5C02178426EC005021CF /* ReadWriteText.cpp in Sources */ = {isa = PBXBuildFile; fileRef = A69C5BFE178426EC005021CF /* ReadWriteText.cpp */; };
		A69C5C03178426EC005021CF /* ShaderLoader.cpp in Sources */ = {isa = PBXBuildFile; fileRef = A69C5C00178426EC005021CF /* ShaderLoader.cpp */; };
		A69C5C07178427B4005021CF /* SimpleShader.vsh in Sources */ = {isa = PBXBuildFile; fileRef = A69C5C06178427B4005021CF /* SimpleShader.vsh */; };
		A69C5C09178427C6005021CF /* SimpleShader.fsh in Sources */ = {isa = PBXBuildFile; fileRef = A69C5C08178427C6005021CF /* SimpleShader.fsh */; };
		A69C5C0A17842992005021CF /* SimpleShader.vsh in CopyFiles */ = {isa = PBXBuildFile; fileRef = A69C5C06178427B4005021CF /* SimpleShader.vsh */; };
		A69C5C0B17842992005021CF /* SimpleShader.fsh in CopyFiles */ = {isa = PBXBuildFile; fileRef = A69C5C08178427C6005021CF /* SimpleShader.fsh */; };
		A69C5C0F17842B8B005021CF /* Vector4.cpp in Sources */ = {isa = PBXBuildFile; fileRef = A69C5C0D17842B8B005021CF /* Vector4.cpp */; };
		A69C5C1217843B62005021CF /* SimpleShaderInterface.cpp in Sources */ = {isa = PBXBuildFile; fileRef = A69C5C1017843B62005021CF /* SimpleShaderInterface.cpp */; };
		A6B2DAB51781C5AE00D47B2E /* GameWindow.cpp in Sources */ = {isa = PBXBuildFile; fileRef = A6B2DAB31781C5AE00D47B2E /* GameWindow.cpp */; };
		A6B2DAB91781D05000D47B2E /* Vector3.cpp in Sources */ = {isa = PBXBuildFile; fileRef = A6B2DAB71781D05000D47B2E /* Vector3.cpp */; };
/* End PBXBuildFile section */

/* Begin PBXCopyFilesBuildPhase section */
		A66064581779AF8700510CAD /* CopyFiles */ = {
			isa = PBXCopyFilesBuildPhase;
			buildActionMask = 12;
			dstPath = "";
			dstSubfolderSpec = 16;
			files = (
				A69C5C0A17842992005021CF /* SimpleShader.vsh in CopyFiles */,
				A69C5C0B17842992005021CF /* SimpleShader.fsh in CopyFiles */,
				A66064601779AF8700510CAD /* FPSGame.1 in CopyFiles */,
			);
			runOnlyForDeploymentPostprocessing = 0;
		};
/* End PBXCopyFilesBuildPhase section */

/* Begin PBXFileReference section */
		A660645A1779AF8700510CAD /* FPSGame */ = {isa = PBXFileReference; explicitFileType = "compiled.mach-o.executable"; includeInIndex = 0; path = FPSGame; sourceTree = BUILT_PRODUCTS_DIR; };
		A660645D1779AF8700510CAD /* main.cpp */ = {isa = PBXFileReference; lastKnownFileType = sourcecode.cpp.cpp; path = main.cpp; sourceTree = "<group>"; };
		A660645F1779AF8700510CAD /* FPSGame.1 */ = {isa = PBXFileReference; lastKnownFileType = text.man; path = FPSGame.1; sourceTree = "<group>"; };
		A66064661779AFA700510CAD /* libglfw.dylib */ = {isa = PBXFileReference; lastKnownFileType = "compiled.mach-o.dylib"; name = libglfw.dylib; path = /usr/local/lib/libglfw.dylib; sourceTree = "<absolute>"; };
		A66064681779AFAE00510CAD /* OpenGL.framework */ = {isa = PBXFileReference; lastKnownFileType = wrapper.framework; name = OpenGL.framework; path = /System/Library/Frameworks/OpenGL.framework; sourceTree = "<absolute>"; };
		A660646A1779B03900510CAD /* FPSGame-Prefix.h */ = {isa = PBXFileReference; fileEncoding = 4; lastKnownFileType = sourcecode.c.h; path = "FPSGame-Prefix.h"; sourceTree = "<group>"; };
		A69065C61787539900643403 /* GameObjectController.cpp */ = {isa = PBXFileReference; fileEncoding = 4; lastKnownFileType = sourcecode.cpp.cpp; path = GameObjectController.cpp; sourceTree = "<group>"; };
		A69065C71787539900643403 /* GameObjectController.h */ = {isa = PBXFileReference; fileEncoding = 4; lastKnownFileType = sourcecode.c.h; path = GameObjectController.h; sourceTree = "<group>"; };
		A69C5BFE178426EC005021CF /* ReadWriteText.cpp */ = {isa = PBXFileReference; fileEncoding = 4; lastKnownFileType = sourcecode.cpp.cpp; path = ReadWriteText.cpp; sourceTree = "<group>"; };
		A69C5BFF178426EC005021CF /* ReadWriteText.h */ = {isa = PBXFileReference; fileEncoding = 4; lastKnownFileType = sourcecode.c.h; path = ReadWriteText.h; sourceTree = "<group>"; };
		A69C5C00178426EC005021CF /* ShaderLoader.cpp */ = {isa = PBXFileReference; fileEncoding = 4; lastKnownFileType = sourcecode.cpp.cpp; path = ShaderLoader.cpp; sourceTree = "<group>"; };
		A69C5C01178426EC005021CF /* ShaderLoader.h */ = {isa = PBXFileReference; fileEncoding = 4; lastKnownFileType = sourcecode.c.h; path = ShaderLoader.h; sourceTree = "<group>"; };
		A69C5C06178427B4005021CF /* SimpleShader.vsh */ = {isa = PBXFileReference; explicitFileType = sourcecode.glsl; fileEncoding = 4; path = SimpleShader.vsh; sourceTree = "<group>"; };
		A69C5C08178427C6005021CF /* SimpleShader.fsh */ = {isa = PBXFileReference; explicitFileType = sourcecode.glsl; fileEncoding = 4; path = SimpleShader.fsh; sourceTree = "<group>"; xcLanguageSpecificationIdentifier = xcode.lang.glsl; };
		A69C5C0D17842B8B005021CF /* Vector4.cpp */ = {isa = PBXFileReference; fileEncoding = 4; lastKnownFileType = sourcecode.cpp.cpp; path = Vector4.cpp; sourceTree = "<group>"; };
		A69C5C0E17842B8B005021CF /* Vector4.h */ = {isa = PBXFileReference; fileEncoding = 4; lastKnownFileType = sourcecode.c.h; path = Vector4.h; sourceTree = "<group>"; };
		A69C5C1017843B62005021CF /* SimpleShaderInterface.cpp */ = {isa = PBXFileReference; fileEncoding = 4; lastKnownFileType = sourcecode.cpp.cpp; path = SimpleShaderInterface.cpp; sourceTree = "<group>"; };
		A69C5C1117843B62005021CF /* SimpleShaderInterface.h */ = {isa = PBXFileReference; fileEncoding = 4; lastKnownFileType = sourcecode.c.h; path = SimpleShaderInterface.h; sourceTree = "<group>"; };
		A6B2DAB31781C5AE00D47B2E /* GameWindow.cpp */ = {isa = PBXFileReference; fileEncoding = 4; lastKnownFileType = sourcecode.cpp.cpp; path = GameWindow.cpp; sourceTree = "<group>"; };
		A6B2DAB41781C5AE00D47B2E /* GameWindow.h */ = {isa = PBXFileReference; fileEncoding = 4; lastKnownFileType = sourcecode.c.h; path = GameWindow.h; sourceTree = "<group>"; };
		A6B2DAB71781D05000D47B2E /* Vector3.cpp */ = {isa = PBXFileReference; fileEncoding = 4; lastKnownFileType = sourcecode.cpp.cpp; path = Vector3.cpp; sourceTree = "<group>"; };
		A6B2DAB81781D05000D47B2E /* Vector3.h */ = {isa = PBXFileReference; fileEncoding = 4; lastKnownFileType = sourcecode.c.h; path = Vector3.h; sourceTree = "<group>"; };
/* End PBXFileReference section */

/* Begin PBXFrameworksBuildPhase section */
		A66064571779AF8700510CAD /* Frameworks */ = {
			isa = PBXFrameworksBuildPhase;
			buildActionMask = 2147483647;
			files = (
				A66064691779AFAE00510CAD /* OpenGL.framework in Frameworks */,
				A66064671779AFA700510CAD /* libglfw.dylib in Frameworks */,
			);
			runOnlyForDeploymentPostprocessing = 0;
		};
/* End PBXFrameworksBuildPhase section */

/* Begin PBXGroup section */
		A66064511779AF8700510CAD = {
			isa = PBXGroup;
			children = (
				A660646B1779B0BC00510CAD /* Frameworks */,
				A660645C1779AF8700510CAD /* FPSGame */,
				A660645B1779AF8700510CAD /* Products */,
			);
			sourceTree = "<group>";
		};
		A660645B1779AF8700510CAD /* Products */ = {
			isa = PBXGroup;
			children = (
				A660645A1779AF8700510CAD /* FPSGame */,
			);
			name = Products;
			sourceTree = "<group>";
		};
		A660645C1779AF8700510CAD /* FPSGame */ = {
			isa = PBXGroup;
			children = (
				A69065BF17874ECC00643403 /* SimpleShader */,
				A69C5C0C17842B79005021CF /* Vector4 */,
				A69C5C0517842708005021CF /* ReadWriteText */,
				A69C5C04178426F5005021CF /* Shader */,
				A6B2DAB61781D03A00D47B2E /* Vector3 */,
				A660645D1779AF8700510CAD /* main.cpp */,
				A6B2DAB31781C5AE00D47B2E /* GameWindow.cpp */,
				A6B2DAB41781C5AE00D47B2E /* GameWindow.h */,
				A69065C61787539900643403 /* GameObjectController.cpp */,
				A69065C71787539900643403 /* GameObjectController.h */,
				A660646A1779B03900510CAD /* FPSGame-Prefix.h */,
				A660645F1779AF8700510CAD /* FPSGame.1 */,
			);
			path = FPSGame;
			sourceTree = "<group>";
		};
		A660646B1779B0BC00510CAD /* Frameworks */ = {
			isa = PBXGroup;
			children = (
				A66064681779AFAE00510CAD /* OpenGL.framework */,
				A66064661779AFA700510CAD /* libglfw.dylib */,
			);
			name = Frameworks;
			sourceTree = "<group>";
		};
		A69065BF17874ECC00643403 /* SimpleShader */ = {
			isa = PBXGroup;
			children = (
				A69C5C1017843B62005021CF /* SimpleShaderInterface.cpp */,
				A69C5C1117843B62005021CF /* SimpleShaderInterface.h */,
				A69C5C06178427B4005021CF /* SimpleShader.vsh */,
				A69C5C08178427C6005021CF /* SimpleShader.fsh */,
			);
			name = SimpleShader;
			sourceTree = "<group>";
		};
		A69C5C04178426F5005021CF /* Shader */ = {
			isa = PBXGroup;
			children = (
				A69C5C00178426EC005021CF /* ShaderLoader.cpp */,
				A69C5C01178426EC005021CF /* ShaderLoader.h */,
			);
			name = Shader;
			sourceTree = "<group>";
		};
		A69C5C0517842708005021CF /* ReadWriteText */ = {
			isa = PBXGroup;
			children = (
				A69C5BFE178426EC005021CF /* ReadWriteText.cpp */,
				A69C5BFF178426EC005021CF /* ReadWriteText.h */,
			);
			name = ReadWriteText;
			sourceTree = "<group>";
		};
		A69C5C0C17842B79005021CF /* Vector4 */ = {
			isa = PBXGroup;
			children = (
				A69C5C0D17842B8B005021CF /* Vector4.cpp */,
				A69C5C0E17842B8B005021CF /* Vector4.h */,
			);
			name = Vector4;
			sourceTree = "<group>";
		};
		A6B2DAB61781D03A00D47B2E /* Vector3 */ = {
			isa = PBXGroup;
			children = (
				A6B2DAB71781D05000D47B2E /* Vector3.cpp */,
				A6B2DAB81781D05000D47B2E /* Vector3.h */,
			);
			name = Vector3;
			sourceTree = "<group>";
		};
/* End PBXGroup section */

/* Begin PBXNativeTarget section */
		A66064591779AF8700510CAD /* FPSGame */ = {
			isa = PBXNativeTarget;
			buildConfigurationList = A66064631779AF8700510CAD /* Build configuration list for PBXNativeTarget "FPSGame" */;
			buildPhases = (
				A66064561779AF8700510CAD /* Sources */,
				A66064571779AF8700510CAD /* Frameworks */,
				A66064581779AF8700510CAD /* CopyFiles */,
			);
			buildRules = (
			);
			dependencies = (
			);
			name = FPSGame;
			productName = FPSGame;
			productReference = A660645A1779AF8700510CAD /* FPSGame */;
			productType = "com.apple.product-type.tool";
		};
/* End PBXNativeTarget section */

/* Begin PBXProject section */
		A66064521779AF8700510CAD /* Project object */ = {
			isa = PBXProject;
			attributes = {
				LastUpgradeCheck = 0460;
				ORGANIZATIONNAME = "Dimitriy Dounaev";
			};
			buildConfigurationList = A66064551779AF8700510CAD /* Build configuration list for PBXProject "FPSGame" */;
			compatibilityVersion = "Xcode 3.2";
			developmentRegion = English;
			hasScannedForEncodings = 0;
			knownRegions = (
				en,
			);
			mainGroup = A66064511779AF8700510CAD;
			productRefGroup = A660645B1779AF8700510CAD /* Products */;
			projectDirPath = "";
			projectRoot = "";
			targets = (
				A66064591779AF8700510CAD /* FPSGame */,
			);
		};
/* End PBXProject section */

/* Begin PBXSourcesBuildPhase section */
		A66064561779AF8700510CAD /* Sources */ = {
			isa = PBXSourcesBuildPhase;
			buildActionMask = 2147483647;
			files = (
				A660645E1779AF8700510CAD /* main.cpp in Sources */,
				A6B2DAB51781C5AE00D47B2E /* GameWindow.cpp in Sources */,
				A6B2DAB91781D05000D47B2E /* Vector3.cpp in Sources */,
				A69C5C02178426EC005021CF /* ReadWriteText.cpp in Sources */,
				A69C5C03178426EC005021CF /* ShaderLoader.cpp in Sources */,
				A69C5C07178427B4005021CF /* SimpleShader.vsh in Sources */,
				A69C5C09178427C6005021CF /* SimpleShader.fsh in Sources */,
				A69C5C0F17842B8B005021CF /* Vector4.cpp in Sources */,
				A69C5C1217843B62005021CF /* SimpleShaderInterface.cpp in Sources */,
				A69065C81787539900643403 /* GameObjectController.cpp in Sources */,
			);
			runOnlyForDeploymentPostprocessing = 0;
		};
/* End PBXSourcesBuildPhase section */

/* Begin XCBuildConfiguration section */
		A66064611779AF8700510CAD /* Debug */ = {
			isa = XCBuildConfiguration;
			buildSettings = {
				ALWAYS_SEARCH_USER_PATHS = NO;
				ARCHS = "$(ARCHS_STANDARD_64_BIT)";
				CLANG_CXX_LANGUAGE_STANDARD = "gnu++0x";
				CLANG_CXX_LIBRARY = "libc++";
				CLANG_ENABLE_OBJC_ARC = YES;
				CLANG_WARN_CONSTANT_CONVERSION = YES;
				CLANG_WARN_EMPTY_BODY = YES;
				CLANG_WARN_ENUM_CONVERSION = YES;
				CLANG_WARN_INT_CONVERSION = YES;
				CLANG_WARN__DUPLICATE_METHOD_MATCH = YES;
				COPY_PHASE_STRIP = NO;
				GCC_C_LANGUAGE_STANDARD = gnu99;
				GCC_DYNAMIC_NO_PIC = NO;
				GCC_ENABLE_OBJC_EXCEPTIONS = YES;
				GCC_OPTIMIZATION_LEVEL = 0;
				GCC_PREPROCESSOR_DEFINITIONS = (
					"DEBUG=1",
					"$(inherited)",
				);
				GCC_SYMBOLS_PRIVATE_EXTERN = NO;
				GCC_WARN_64_TO_32_BIT_CONVERSION = YES;
				GCC_WARN_ABOUT_RETURN_TYPE = YES;
				GCC_WARN_UNINITIALIZED_AUTOS = YES;
				GCC_WARN_UNUSED_VARIABLE = YES;
				MACOSX_DEPLOYMENT_TARGET = 10.8;
				ONLY_ACTIVE_ARCH = YES;
				SDKROOT = macosx;
			};
			name = Debug;
		};
		A66064621779AF8700510CAD /* Release */ = {
			isa = XCBuildConfiguration;
			buildSettings = {
				ALWAYS_SEARCH_USER_PATHS = NO;
				ARCHS = "$(ARCHS_STANDARD_64_BIT)";
				CLANG_CXX_LANGUAGE_STANDARD = "gnu++0x";
				CLANG_CXX_LIBRARY = "libc++";
				CLANG_ENABLE_OBJC_ARC = YES;
				CLANG_WARN_CONSTANT_CONVERSION = YES;
				CLANG_WARN_EMPTY_BODY = YES;
				CLANG_WARN_ENUM_CONVERSION = YES;
				CLANG_WARN_INT_CONVERSION = YES;
				CLANG_WARN__DUPLICATE_METHOD_MATCH = YES;
				COPY_PHASE_STRIP = YES;
				DEBUG_INFORMATION_FORMAT = "dwarf-with-dsym";
				GCC_C_LANGUAGE_STANDARD = gnu99;
				GCC_ENABLE_OBJC_EXCEPTIONS = YES;
				GCC_WARN_64_TO_32_BIT_CONVERSION = YES;
				GCC_WARN_ABOUT_RETURN_TYPE = YES;
				GCC_WARN_UNINITIALIZED_AUTOS = YES;
				GCC_WARN_UNUSED_VARIABLE = YES;
				MACOSX_DEPLOYMENT_TARGET = 10.8;
				SDKROOT = macosx;
			};
			name = Release;
		};
		A66064641779AF8700510CAD /* Debug */ = {
			isa = XCBuildConfiguration;
			buildSettings = {
				PRODUCT_NAME = "$(TARGET_NAME)";
				SDKROOT = "";
			};
			name = Debug;
		};
		A66064651779AF8700510CAD /* Release */ = {
			isa = XCBuildConfiguration;
			buildSettings = {
				PRODUCT_NAME = "$(TARGET_NAME)";
				SDKROOT = "";
			};
			name = Release;
		};
/* End XCBuildConfiguration section */

/* Begin XCConfigurationList section */
		A66064551779AF8700510CAD /* Build configuration list for PBXProject "FPSGame" */ = {
			isa = XCConfigurationList;
			buildConfigurations = (
				A66064611779AF8700510CAD /* Debug */,
				A66064621779AF8700510CAD /* Release */,
			);
			defaultConfigurationIsVisible = 0;
			defaultConfigurationName = Release;
		};
		A66064631779AF8700510CAD /* Build configuration list for PBXNativeTarget "FPSGame" */ = {
			isa = XCConfigurationList;
			buildConfigurations = (
				A66064641779AF8700510CAD /* Debug */,
				A66064651779AF8700510CAD /* Release */,
			);
			defaultConfigurationIsVisible = 0;
			defaultConfigurationName = Release;
		};
/* End XCConfigurationList section */
	};
	rootObject = A66064521779AF8700510CAD /* Project object */;
}
